
Microsoft Visual Studio Solution File, Format Version 11.00
# Visual Studio 2010
Project("{FAE04EC0-301F-11D3-BF4B-00C04F79EFBC}") = "Steam4Intermediate", "Steam4Intermediate.csproj", "{46AD5B61-4C22-4528-A9C8-1D72C9D28DEF}"
EndProject
Global
	GlobalSection(SolutionConfigurationPlatforms) = preSolution
		Debug|Any CPU = Debug|Any CPU
		Release|Any CPU = Release|Any CPU
	EndGlobalSection
	GlobalSection(ProjectConfigurationPlatforms) = postSolution
		{46AD5B61-4C22-4528-A9C8-1D72C9D28DEF}.Debug|Any CPU.ActiveCfg = Debug|Any CPU
		{46AD5B61-4C22-4528-A9C8-1D72C9D28DEF}.Debug|Any CPU.Build.0 = Debug|Any CPU
		{46AD5B61-4C22-4528-A9C8-1D72C9D28DEF}.Release|Any CPU.ActiveCfg = Release|Any CPU
		{46AD5B61-4C22-4528-A9C8-1D72C9D28DEF}.Release|Any CPU.Build.0 = Release|Any CPU
	EndGlobalSection
	GlobalSection(SolutionProperties) = preSolution
		HideSolutionNode = FALSE
	EndGlobalSection
EndGlobal
