
Microsoft Visual Studio Solution File, Format Version 12.00
# Visual Studio 14
VisualStudioVersion = 14.0.24720.0
MinimumVisualStudioVersion = 10.0.40219.1
Project("{FAE04EC0-301F-11D3-BF4B-00C04F79EFBC}") = "HourBoostr", "HourBoostr\HourBoostr.csproj", "{BE83304B-4BCB-44EB-A8A1-B7E61CDC670F}"
EndProject
Global
	GlobalSection(SolutionConfigurationPlatforms) = preSolution
		Debug|Any CPU = Debug|Any CPU
		Release|Any CPU = Release|Any CPU
	EndGlobalSection
	GlobalSection(ProjectConfigurationPlatforms) = postSolution
		{BE83304B-4BCB-44EB-A8A1-B7E61CDC670F}.Debug|Any CPU.ActiveCfg = Debug|Any CPU
		{BE83304B-4BCB-44EB-A8A1-B7E61CDC670F}.Debug|Any CPU.Build.0 = Debug|Any CPU
		{BE83304B-4BCB-44EB-A8A1-B7E61CDC670F}.Release|Any CPU.ActiveCfg = Release|Any CPU
		{BE83304B-4BCB-44EB-A8A1-B7E61CDC670F}.Release|Any CPU.Build.0 = Release|Any CPU
	EndGlobalSection
	GlobalSection(SolutionProperties) = preSolution
		HideSolutionNode = FALSE
	EndGlobalSection
EndGlobal
