
Microsoft Visual Studio Solution File, Format Version 12.00
# Visual Studio 14
VisualStudioVersion = 14.0.23107.0
MinimumVisualStudioVersion = 10.0.40219.1
Project("{FAE04EC0-301F-11D3-BF4B-00C04F79EFBC}") = "HourBoostr", "HourBoostr\HourBoostr.csproj", "{D4DB8381-0913-4B1A-98A4-E30C71BF217C}"
EndProject
Global
	GlobalSection(SolutionConfigurationPlatforms) = preSolution
		Debug|Any CPU = Debug|Any CPU
		Release|Any CPU = Release|Any CPU
	EndGlobalSection
	GlobalSection(ProjectConfigurationPlatforms) = postSolution
		{D4DB8381-0913-4B1A-98A4-E30C71BF217C}.Debug|Any CPU.ActiveCfg = Debug|Any CPU
		{D4DB8381-0913-4B1A-98A4-E30C71BF217C}.Debug|Any CPU.Build.0 = Debug|Any CPU
		{D4DB8381-0913-4B1A-98A4-E30C71BF217C}.Release|Any CPU.ActiveCfg = Release|Any CPU
		{D4DB8381-0913-4B1A-98A4-E30C71BF217C}.Release|Any CPU.Build.0 = Release|Any CPU
	EndGlobalSection
	GlobalSection(SolutionProperties) = preSolution
		HideSolutionNode = FALSE
	EndGlobalSection
EndGlobal
