
Microsoft Visual Studio Solution File, Format Version 12.00
# Visual Studio 15
VisualStudioVersion = 15.0.26228.4
MinimumVisualStudioVersion = 10.0.40219.1
Project("{FAE04EC0-301F-11D3-BF4B-00C04F79EFBC}") = "SingleBoostrGame", "SingleBoostrGame\SingleBoostrGame.csproj", "{6FC02D30-663B-4262-B094-BC81C0A09B6E}"
EndProject
Global
	GlobalSection(SolutionConfigurationPlatforms) = preSolution
		Debug|Any CPU = Debug|Any CPU
		Debug|x86 = Debug|x86
		Release|Any CPU = Release|Any CPU
		Release|x86 = Release|x86
	EndGlobalSection
	GlobalSection(ProjectConfigurationPlatforms) = postSolution
		{6FC02D30-663B-4262-B094-BC81C0A09B6E}.Debug|Any CPU.ActiveCfg = Debug|Any CPU
		{6FC02D30-663B-4262-B094-BC81C0A09B6E}.Debug|Any CPU.Build.0 = Debug|Any CPU
		{6FC02D30-663B-4262-B094-BC81C0A09B6E}.Debug|x86.ActiveCfg = Debug|Any CPU
		{6FC02D30-663B-4262-B094-BC81C0A09B6E}.Debug|x86.Build.0 = Debug|Any CPU
		{6FC02D30-663B-4262-B094-BC81C0A09B6E}.Release|Any CPU.ActiveCfg = Release|x86
		{6FC02D30-663B-4262-B094-BC81C0A09B6E}.Release|Any CPU.Build.0 = Release|x86
		{6FC02D30-663B-4262-B094-BC81C0A09B6E}.Release|x86.ActiveCfg = Release|x86
		{6FC02D30-663B-4262-B094-BC81C0A09B6E}.Release|x86.Build.0 = Release|x86
	EndGlobalSection
	GlobalSection(SolutionProperties) = preSolution
		HideSolutionNode = FALSE
	EndGlobalSection
EndGlobal
