
Microsoft Visual Studio Solution File, Format Version 12.00
# Visual Studio Version 17
VisualStudioVersion = 17.0.32112.339
MinimumVisualStudioVersion = 10.0.40219.1
Project("{FAE04EC0-301F-11D3-BF4B-00C04F79EFBC}") = "HourBoostr-Beta", "HourBoostr-Beta\HourBoostr-Beta.csproj", "{AFAE5292-DF45-4531-8E2B-70C2826C4EC9}"
EndProject
Project("{FAE04EC0-301F-11D3-BF4B-00C04F79EFBC}") = "HourBoostr.Idler", "HourBoostr.Idler\HourBoostr.Idler.csproj", "{6FC02D30-663B-4262-B094-BC81C0A09B6E}"
EndProject
Global
	GlobalSection(SolutionConfigurationPlatforms) = preSolution
		Build|x64 = Build|x64
		Build|x86 = Build|x86
		Debug|x64 = Debug|x64
		Debug|x86 = Debug|x86
	EndGlobalSection
	GlobalSection(ProjectConfigurationPlatforms) = postSolution
		{AFAE5292-DF45-4531-8E2B-70C2826C4EC9}.Build|x64.ActiveCfg = Build|x64
		{AFAE5292-DF45-4531-8E2B-70C2826C4EC9}.Build|x86.ActiveCfg = Build|x86
		{AFAE5292-DF45-4531-8E2B-70C2826C4EC9}.Debug|x64.ActiveCfg = Build|x64
		{AFAE5292-DF45-4531-8E2B-70C2826C4EC9}.Debug|x64.Build.0 = Build|x64
		{AFAE5292-DF45-4531-8E2B-70C2826C4EC9}.Debug|x86.ActiveCfg = Debug|x86
		{6FC02D30-663B-4262-B094-BC81C0A09B6E}.Build|x64.ActiveCfg = Build|x64
		{6FC02D30-663B-4262-B094-BC81C0A09B6E}.Build|x64.Build.0 = Build|x64
		{6FC02D30-663B-4262-B094-BC81C0A09B6E}.Build|x86.ActiveCfg = Build|x86
		{6FC02D30-663B-4262-B094-BC81C0A09B6E}.Build|x86.Build.0 = Build|x86
		{6FC02D30-663B-4262-B094-BC81C0A09B6E}.Debug|x64.ActiveCfg = Build|x64
		{6FC02D30-663B-4262-B094-BC81C0A09B6E}.Debug|x64.Build.0 = Build|x64
		{6FC02D30-663B-4262-B094-BC81C0A09B6E}.Debug|x86.ActiveCfg = Debug|x86
		{6FC02D30-663B-4262-B094-BC81C0A09B6E}.Debug|x86.Build.0 = Debug|x86
	EndGlobalSection
	GlobalSection(SolutionProperties) = preSolution
		HideSolutionNode = FALSE
	EndGlobalSection
	GlobalSection(ExtensibilityGlobals) = postSolution
		SolutionGuid = {E1C33BE1-3BAF-447E-92B0-18A4041F52C7}
	EndGlobalSection
EndGlobal
